# This file is autogenerated, do not edit; changes may be undone by the next 'dep ensure'.


[[projects]]
  branch = "master"
  digest = "1:81f8c061c3d18ed1710957910542bc17d2b789c6cd19e0f654c30b35fd255ca5"
  name = "github.com/Azure/go-ansiterm"
  packages = [
    ".",
    "winterm",
  ]
  pruneopts = "NUT"
  revision = "d6e3b3328b783f23731bc4d058875b0371ff8109"

[[projects]]
  digest = "1:2941ec6eccc1bc46b6cff9eb416fc623524f554e474367d378bd0ed8301652db"
  name = "github.com/Microsoft/go-winio"
  packages = ["."]
  pruneopts = "NUT"
  revision = "78439966b38d69bf38227fbf57ac8a6fee70f69a"
  version = "v0.4.5"

[[projects]]
  digest = "1:3fcef06a1a6561955c94af6c7757a6fa37605eb653f0d06ab960e5bb80092195"
  name = "github.com/PuerkitoBio/goquery"
  packages = ["."]
  pruneopts = "NUT"
  revision = "e1271ee34c6a305e38566ecd27ae374944907ee9"
  version = "v1.1.0"

[[projects]]
  branch = "master"
  digest = "1:9af9c156c84948113891d61bc613ee77cf63aef1e45aa343aa84009f431fd699"
  name = "github.com/RackSec/srslog"
  packages = ["."]
  pruneopts = "NUT"
  revision = "4d2c753a4ee12647a5a279ee6e6e767861509706"

[[projects]]
  digest = "1:31c5d934770c8b0698c28eb8576cb39b14e2fcf3c5f2a6e8449116884cd92e3f"
  name = "github.com/Sirupsen/logrus"
  packages = ["."]
  pruneopts = "NUT"
  revision = "f006c2ac4710855cf0f916dd6b77acf6b048dc6e"
  version = "v1.0.3"

[[projects]]
  branch = "master"
  digest = "1:fc86904a62ac4bfff8cfbe94f42231ce3d8cea8fe2506d5293eaef468f8eaecf"
  name = "github.com/andybalholm/cascadia"
  packages = ["."]
  pruneopts = "NUT"
  revision = "349dd0209470eabd9514242c688c403c0926d266"

[[projects]]
  digest = "1:a53a4cb4e0a06b37c54224dbf87478050a7605e4e2c4f786e7e08d92d527c4bf"
  name = "github.com/aws/aws-lambda-go"
  packages = [
    "lambda",
    "lambda/messages",
    "lambdacontext",
  ]
  pruneopts = "NUT"
  revision = "4d30d0ff60440c2d0480a15747c96ee71c3c53d4"
  version = "v1.2.0"

[[projects]]
  digest = "1:063349d0f3137fc29f59f9fae80ba7bba0bcc4b35c81370d3b3c50d2524c8016"
  name = "github.com/aws/aws-sdk-go"
  packages = [
    "aws",
    "aws/awserr",
    "aws/awsutil",
    "aws/client",
    "aws/client/metadata",
    "aws/corehandlers",
    "aws/credentials",
    "aws/credentials/ec2rolecreds",
    "aws/credentials/endpointcreds",
    "aws/credentials/stscreds",
    "aws/defaults",
    "aws/ec2metadata",
    "aws/endpoints",
    "aws/request",
    "aws/session",
    "aws/signer/v4",
    "internal/shareddefaults",
    "private/protocol",
    "private/protocol/ec2query",
    "private/protocol/json/jsonutil",
    "private/protocol/jsonrpc",
    "private/protocol/query",
    "private/protocol/query/queryutil",
    "private/protocol/rest",
    "private/protocol/restjson",
    "private/protocol/restxml",
    "private/protocol/xml/xmlutil",
    "service/acm",
    "service/autoscaling",
    "service/cloudformation",
    "service/cloudwatch",
    "service/cloudwatchlogs",
    "service/dynamodb",
    "service/ec2",
    "service/ecr",
    "service/ecs",
    "service/iam",
    "service/kms",
    "service/lambda",
    "service/s3",
    "service/s3/s3iface",
    "service/s3/s3manager",
    "service/sns",
    "service/sqs",
    "service/sts",
  ]
  pruneopts = "NUT"
  revision = "388e6676807f5968ad5eaaec0c70002f80c20b84"
  version = "v1.12.39"

[[projects]]
  digest = "1:a12d94258c5298ead75e142e8001224bf029f302fed9e96cd39c0eaf90f3954d"
  name = "github.com/boltdb/bolt"
  packages = ["."]
  pruneopts = "NUT"
  revision = "2f1ce7a837dcb8da3ec595b1dac9d0632f0f99e8"
  version = "v1.3.1"

[[projects]]
  digest = "1:516ee3a1fa7124ae809f64a432c0a78fcb4dc35f0e9bb0ba8760218136462416"
  name = "github.com/cloudflare/cfssl"
  packages = ["log"]
  pruneopts = "NUT"
  revision = "db0d0650b6496bfe8061ec56a92edd32d8e75c30"
  version = "1.2.0"

[[projects]]
  branch = "master"
  digest = "1:04874d362220e95f0edeaeb1a29370ebebda09a23148c98b8c629d4fec1c1441"
  name = "github.com/convox/changes"
  packages = ["."]
  pruneopts = "NUT"
  revision = "b0d1912cd4576ca7dd29a443fc4f7cffbd7f5b13"

[[projects]]
  branch = "master"
  digest = "1:96b22063c223a2871baab21201a63e40bafac55072d94baeab15ce549fdb84c2"
  name = "github.com/convox/inotify"
  packages = ["."]
  pruneopts = "NUT"
  revision = "b56f5149b5c6d28fe492a393ae54221bb3b5fbc2"

[[projects]]
  branch = "master"
  digest = "1:8e4a276c7a54bdad168f3449d3b236f01e4154494e49108664804a4c2612c274"
  name = "github.com/convox/logger"
  packages = ["."]
  pruneopts = "NUT"
  revision = "e39179955b5204aa8288932fa09fa17e5525c55f"

[[projects]]
  branch = "master"
  digest = "1:f7b06ef3e77a63cb9c7f2eae3d402fd2547c074f08b95af95726246639456153"
  name = "github.com/convox/stdapi"
  packages = ["."]
  pruneopts = "NUT"
  revision = "056b58bedecdf9d4eac92d44f4d3ba489d59d184"

[[projects]]
  branch = "master"
  digest = "1:8b5b02da8bfb519d8aaac4c3d56cead3e65d4ab1b785f422735a828096957f50"
  name = "github.com/convox/stdcli"
  packages = ["."]
  pruneopts = "NUT"
  revision = "dd62994b556dedbaa3de3da2290c0149af3c5fe5"

[[projects]]
  branch = "master"
  digest = "1:86ee1fcd2d6ba5b4801c37d1a2b871adedff093f32a25ea04999425f67aa3fc4"
  name = "github.com/convox/stdsdk"
  packages = ["."]
  pruneopts = "NUT"
  revision = "e633306a9d4c7ce972eeccdd952e7be33715a933"

[[projects]]
  branch = "master"
  digest = "1:007174e78d79f961b526d686d2adb2a3693d76222bc882c9b413917230733b4c"
  name = "github.com/convox/version"
  packages = ["."]
  pruneopts = "NUT"
  revision = "ffefa0d565d21a0fece3b2bc6ef37ea5753dc5fe"

[[projects]]
  digest = "1:a2c1d0e43bd3baaa071d1b9ed72c27d78169b2b269f71c105ac4ba34b1be4a39"
  name = "github.com/davecgh/go-spew"
  packages = ["spew"]
  pruneopts = "NUT"
  revision = "346938d642f2ec3594ed81d874461961cd0faa76"
  version = "v1.1.0"

[[projects]]
  digest = "1:2292119ba52109ee542423e6b2a028586f076bde97436db2d34abf9159ece97c"
  name = "github.com/docker/docker"
  packages = [
    "builder/dockerignore",
    "pkg/archive",
    "pkg/fileutils",
    "pkg/idtools",
    "pkg/ioutils",
    "pkg/longpath",
    "pkg/pools",
    "pkg/promise",
    "pkg/system",
  ]
  pruneopts = "NUT"
  revision = "092cba3727bb9b4a2f0e922cd6c0f93ea270e363"
  version = "v1.13.1"

[[projects]]
  digest = "1:9d8fe33c2e1aa01c76db67f285ffdb7dbdb5c5d90d9deb296526d67b9798ce7b"
  name = "github.com/docker/go-units"
  packages = ["."]
  pruneopts = "NUT"
  revision = "0dadbb0345b35ec7ef35e228dabb8de89a65bf52"
  version = "v0.3.2"

[[projects]]
  branch = "master"
  digest = "1:e6005275e27bf8eae9197d27d0f76a4463512cbbbc94d2408563e95fe1c80c12"
  name = "github.com/dustin/go-humanize"
  packages = ["."]
  pruneopts = "NUT"
  revision = "bb3d318650d48840a39aa21a027c6630e198e626"

[[projects]]
  digest = "1:b0d5e98ac0f0a509eb320f542e748582d637aae09e74538212e9712d1e71064b"
  name = "github.com/fatih/color"
  packages = ["."]
  pruneopts = "NUT"
  revision = "570b54cabe6b8eb0bc2dfce68d964677d63b5260"
  version = "v1.5.0"

[[projects]]
  digest = "1:79fe04a5be09c4b895f8112337fc7d72f0b5affabb5dbdfcbe7c0b2502520f4b"
  name = "github.com/fsouza/go-dockerclient"
  packages = [
    ".",
    "external/github.com/Sirupsen/logrus",
    "external/github.com/docker/docker/opts",
    "external/github.com/docker/docker/pkg/archive",
    "external/github.com/docker/docker/pkg/fileutils",
    "external/github.com/docker/docker/pkg/homedir",
    "external/github.com/docker/docker/pkg/idtools",
    "external/github.com/docker/docker/pkg/ioutils",
    "external/github.com/docker/docker/pkg/longpath",
    "external/github.com/docker/docker/pkg/pools",
    "external/github.com/docker/docker/pkg/promise",
    "external/github.com/docker/docker/pkg/stdcopy",
    "external/github.com/docker/docker/pkg/system",
    "external/github.com/docker/go-units",
    "external/github.com/hashicorp/go-cleanhttp",
    "external/github.com/opencontainers/runc/libcontainer/user",
    "external/golang.org/x/net/context",
    "external/golang.org/x/sys/unix",
  ]
  pruneopts = "NUT"
  revision = "1d4f4ae73768d3ca16a6fb964694f58dc5eba601"
  version = "docker-1.9/go-1.4"

[[projects]]
  digest = "1:0c0eac431b07bd0da31ef684aa15b5b5eeeda8a820f666e6523d2bfb8ce868c4"
  name = "github.com/go-ini/ini"
  packages = ["."]
  pruneopts = "NUT"
  revision = "32e4c1e6bc4e7d0d8451aa6b75200d19e37a536a"
  version = "v1.32.0"

[[projects]]
  digest = "1:6a7159c5f8f8826207545407a458b43ab6599c1c8a2271465c2e979ecea1dcd4"
  name = "github.com/gobwas/glob"
  packages = [
    ".",
    "compiler",
    "match",
    "syntax",
    "syntax/ast",
    "syntax/lexer",
    "util/runes",
    "util/strings",
  ]
  pruneopts = "NUT"
  revision = "5ccd90ef52e1e632236f7326478d4faa74f99438"
  version = "v0.2.3"

[[projects]]
  digest = "1:dbd86d229eacaa86a98b10f8fb3e3fc69a1913e0f4e010e7cc1f92bf12edca92"
  name = "github.com/gorilla/context"
  packages = ["."]
  pruneopts = "NUT"
  revision = "1ea25387ff6f684839d82767c1733ff4d4d15d0a"
  version = "v1.1"

[[projects]]
  digest = "1:1d8bd166078ff463554513993ad223091f5bf56dddf48622ff3d100125b58bea"
  name = "github.com/gorilla/mux"
  packages = ["."]
  pruneopts = "NUT"
  revision = "7f08801859139f86dfafd1c296e2cba9a80d292e"
  version = "v1.6.0"

[[projects]]
  digest = "1:0faa8131e5822f3420f82426667a29c5c425c3cb7e0fcf0c5d1c718d6e6ba19b"
  name = "github.com/gorilla/securecookie"
  packages = ["."]
  pruneopts = "NUT"
  revision = "e59506cc896acb7f7bf732d4fdf5e25f7ccd8983"
  version = "v1.1.1"

[[projects]]
  digest = "1:ee5531f1e32c0082a6da68a605bc60284711d99b15d38dfba335a1ec52a58c20"
  name = "github.com/gorilla/sessions"
  packages = ["."]
  pruneopts = "NUT"
  revision = "ca9ada44574153444b00d3fd9c8559e4cc95f896"
  version = "v1.1"

[[projects]]
  digest = "1:3b708ebf63bfa9ba3313bedb8526bc0bb284e51474e65e958481476a9d4a12aa"
  name = "github.com/gorilla/websocket"
  packages = ["."]
  pruneopts = "NUT"
  revision = "ea4d1f681babbce9545c9c5f3d5194a789c89f5b"
  version = "v1.2.0"

[[projects]]
  digest = "1:39933fcc7cd73216b96ed4ee4fc77b3c607183999b2de99c439afd264dbdc236"
  name = "github.com/headzoo/surf"
  packages = [
    ".",
    "agent",
    "browser",
    "errors",
    "jar",
    "util",
  ]
  pruneopts = "NUT"
  revision = "60198774ccce43e1d26c80e961497b7d262460b3"
  version = "v1.0.0"

[[projects]]
  branch = "master"
  digest = "1:1b2690e5f479621777c05f3f85ff630d28115e5f1782a5335914ffe511c2a8e4"
  name = "github.com/inconshreveable/go-update"
  packages = [
    ".",
    "internal/binarydist",
    "internal/osext",
  ]
  pruneopts = "NUT"
  revision = "8152e7eb6ccf8679a64582a66b78519688d156ad"

[[projects]]
  branch = "master"
  digest = "1:1ab6b7fb4c7119e78fea16f2bd424ccc434c0d44654307e5f24a8bb8408819b7"
  name = "github.com/jasonmoo/lambda_proc"
  packages = ["."]
  pruneopts = "NUT"
  revision = "49abf10b4b3c7cb01992397ec47880e05d65ad85"

[[projects]]
  branch = "master"
  digest = "1:e721d401d3ae66dbc0bfe05cc094eccddd46adc1288a155e4a334aeb1b6f9d6c"
  name = "github.com/jehiah/go-strftime"
  packages = ["."]
  pruneopts = "NUT"
  revision = "1d33003b386959af197ba96475f198c114627b5e"

[[projects]]
  digest = "1:ac6d01547ec4f7f673311b4663909269bfb8249952de3279799289467837c3cc"
  name = "github.com/jmespath/go-jmespath"
  packages = ["."]
  pruneopts = "NUT"
  revision = "0b12d6b5"

[[projects]]
  branch = "master"
  digest = "1:6342cf70eaae592f7b8e2552037f2a9d4d16fa321c6e36f09c3bc450add2de19"
  name = "github.com/kballard/go-shellquote"
  packages = ["."]
  pruneopts = "NUT"
  revision = "cd60e84ee657ff3dc51de0b4f55dd299a3e136f2"

[[projects]]
  digest = "1:ad12bc5658839e7c9ffb20bd84624c4d3fc2264f212c00188fc10cc6aba3c42b"
  name = "github.com/kr/pty"
  packages = ["."]
  pruneopts = "NUT"
  revision = "95d05c1eef33a45bd58676b6ce28d105839b8d0b"
  version = "v1.0.1"

[[projects]]
  digest = "1:08c231ec84231a7e23d67e4b58f975e1423695a32467a362ee55a803f9de8061"
  name = "github.com/mattn/go-colorable"
  packages = ["."]
  pruneopts = "NUT"
  revision = "167de6bfdfba052fa6b2d3664c8f5272e23c9072"
  version = "v0.0.9"

[[projects]]
  digest = "1:bc4f7eec3b7be8c6cb1f0af6c1e3333d5bb71072951aaaae2f05067b0803f287"
  name = "github.com/mattn/go-isatty"
  packages = ["."]
  pruneopts = "NUT"
  revision = "0360b2af4f38e8d38c7fce2a9f4e702702d73a39"
  version = "v0.0.3"

[[projects]]
  digest = "1:e7a7b1f248cf75676608c2e37e4d2887c03310e174bcdb265cef3bc8d95150ab"
  name = "github.com/miekg/dns"
  packages = ["."]
  pruneopts = "NUT"
  revision = "5364553f1ee9cddc7ac8b62dce148309c386695b"
  version = "v1.0.4"

[[projects]]
  branch = "master"
  digest = "1:b62c4f18ad6eb454ac5253e7791ded3d7867330015ca4b37b6336e57f514585e"
  name = "github.com/mitchellh/go-homedir"
  packages = ["."]
  pruneopts = "NUT"
  revision = "b8bc1bf767474819792c23f32d8286a45736f1c6"

[[projects]]
  digest = "1:3a41dc0cc1516ec83332af49a7e98a3f45e9a6a082c2d743c669e08dc9f471d5"
  name = "github.com/moby/moby"
  packages = [
    "builder/dockerignore",
    "pkg/archive",
  ]
  pruneopts = "NUT"
  revision = "092cba3727bb9b4a2f0e922cd6c0f93ea270e363"
  version = "v1.13.1"

[[projects]]
  digest = "1:1b9ae1eb2a842fc4562b71ab43421c5d025131cd9170f9b53a44dcf6a2f5d8d1"
  name = "github.com/mweagle/Sparta"
  packages = ["aws/cloudwatchlogs"]
  pruneopts = "NUT"
  revision = "ead2872585dc0da81f222577a898707c6a486ab1"
  version = "0.20.4"

[[projects]]
  digest = "1:ea8780346eba74e5eb3e8b6bded2ec46c1c81cd745bc00e9964b730955bf4252"
  name = "github.com/opencontainers/runc"
  packages = [
    "libcontainer/system",
    "libcontainer/user",
  ]
  pruneopts = "NUT"
  revision = "baf6536d6259209c3edfa2b22237af82942d3dfa"
  version = "v0.1.1"

[[projects]]
  digest = "1:5cf3f025cbee5951a4ee961de067c8a89fc95a5adabead774f82822efabab121"
  name = "github.com/pkg/errors"
  packages = ["."]
  pruneopts = "NUT"
  revision = "645ef00459ed84a119197bfb8d8205042c6df63d"
  version = "v0.8.0"

[[projects]]
  digest = "1:0028cb19b2e4c3112225cd871870f2d9cf49b9b4276531f03438a88e94be86fe"
  name = "github.com/pmezard/go-difflib"
  packages = ["difflib"]
  pruneopts = "NUT"
  revision = "792786c7400a136282c1664665ae0a8db921c6c2"
  version = "v1.0.0"

[[projects]]
  digest = "1:48d5c8f40f297893557a2a1282e7a9f5449c7e03801b6fd6c3080da53d9f1941"
  name = "github.com/segmentio/analytics-go"
  packages = ["."]
  pruneopts = "NUT"
  revision = "2d840d861c322bdf5346ba7917af1c2285e653d3"
  version = "2.1.1"

[[projects]]
  branch = "master"
  digest = "1:4c39453563e71f7cb6c62c69a94b99910861abfb9f3b904516a171eb558f1c60"
  name = "github.com/segmentio/backo-go"
  packages = ["."]
  pruneopts = "NUT"
  revision = "204274ad699c0983a70203a566887f17a717fef4"

[[projects]]
  digest = "1:15e5c398fbd9d2c439b635a08ac161b13d04f0c2aa587fe256b65dc0c3efe8b7"
  name = "github.com/spf13/pflag"
  packages = ["."]
  pruneopts = "NUT"
  revision = "583c0c0531f06d5278b7d917446061adc344b5cd"
  version = "v1.0.1"

[[projects]]
  digest = "1:60a46e2410edbf02b419f833372dd1d24d7aa1b916a990a7370e792fada1eadd"
  name = "github.com/stretchr/objx"
  packages = ["."]
  pruneopts = "NUT"
  revision = "477a77ecc69700c7cdeb1fa9e129548e1c1c393c"
  version = "v0.1.1"

[[projects]]
  digest = "1:72cea38d2957d95d18be2287ef9d4b06b89796d2e3070bc7f796bea3a4844381"
  name = "github.com/stretchr/testify"
  packages = [
    "assert",
    "mock",
    "require",
  ]
  pruneopts = "NUT"
  revision = "f35b8ab0b5a2cef36673838d662e249dd9c94686"
  version = "v1.2.2"

[[projects]]
  digest = "1:23e732b621cc44a466904c71c4d81af2db9a07c153e577f6612531e321e174f0"
  name = "github.com/stvp/rollbar"
  packages = ["."]
  pruneopts = "NUT"
  revision = "b20261800d8cda3be14dcef0d1a8320779bba61a"
  version = "v0.5.1"

[[projects]]
  branch = "master"
  digest = "1:87a6d516ae1ec061afd616d8d63312428c15af49f20ba8ba4b1d15391e1b665e"
  name = "github.com/twmb/algoimpl"
  packages = [
    "go/graph",
    "go/graph/lite",
  ]
  pruneopts = "NUT"
  revision = "076353e90b94cccf4fe7cc41790d46f421da2d97"

[[projects]]
  branch = "master"
  digest = "1:2f9538da7381bb981fb8451b2b0fb304c2bc7f1724228dc336a8f002e6fec704"
  name = "github.com/xtgo/uuid"
  packages = ["."]
  pruneopts = "NUT"
  revision = "a0b114877d4caeffbd7f87e3757c17fce570fea7"

[[projects]]
  branch = "master"
  digest = "1:669c028b586257f776001fbb73b9e49ee56c870ff28f115467a01acc68de16ba"
  name = "golang.org/x/crypto"
  packages = [
    "curve25519",
    "ed25519",
    "ed25519/internal/edwards25519",
    "nacl/secretbox",
    "poly1305",
    "salsa20/salsa",
    "ssh",
    "ssh/terminal",
  ]
  pruneopts = "NUT"
  revision = "94eea52f7b742c7cbe0b03b22f0c4c8631ece122"

[[projects]]
  branch = "master"
  digest = "1:22a483268027470d46cc4476dabe44c3eee0fba1dd084fd5ba6b48c5c195e068"
  name = "golang.org/x/net"
  packages = [
    "bpf",
    "context",
    "html",
    "html/atom",
    "internal/iana",
    "internal/socket",
    "ipv4",
    "ipv6",
    "websocket",
  ]
  pruneopts = "NUT"
  revision = "a8b9294777976932365dabb6640cf1468d95c70f"

[[projects]]
  branch = "master"
  digest = "1:17414dd7b927933c761dbe6db160b8e7c801ff183349232b423bb9c82af875d0"
  name = "golang.org/x/sys"
  packages = [
    "unix",
    "windows",
  ]
  pruneopts = "NUT"
  revision = "8b4580aae2a0dd0c231a45d3ccb8434ff533b840"

[[projects]]
  digest = "1:5dba68a1600a235630e208cb7196b24e58fcbb77bb7a6bec08fcd23f081b0a58"
  name = "gopkg.in/urfave/cli.v1"
  packages = ["."]
  pruneopts = "NUT"
  revision = "cfb38830724cc34fedffe9a2a29fb54fa9169cd1"
  version = "v1.20.0"

[[projects]]
  branch = "v2"
  digest = "1:8c53ce78f10de538c37a5fb33148f81ce068a0b25bec08d8521212e0c0b5f7bd"
  name = "gopkg.in/yaml.v2"
  packages = ["."]
  pruneopts = "NUT"
  revision = "287cf08546ab5e7e37d55a84f7ed3fd1db036de5"

[solve-meta]
  analyzer-name = "dep"
  analyzer-version = 1
  input-imports = [
    "github.com/PuerkitoBio/goquery",
    "github.com/RackSec/srslog",
    "github.com/aws/aws-lambda-go/lambda",
    "github.com/aws/aws-sdk-go/aws",
    "github.com/aws/aws-sdk-go/aws/awserr",
    "github.com/aws/aws-sdk-go/aws/credentials",
    "github.com/aws/aws-sdk-go/aws/session",
    "github.com/aws/aws-sdk-go/service/acm",
    "github.com/aws/aws-sdk-go/service/autoscaling",
    "github.com/aws/aws-sdk-go/service/cloudformation",
    "github.com/aws/aws-sdk-go/service/cloudwatch",
    "github.com/aws/aws-sdk-go/service/cloudwatchlogs",
    "github.com/aws/aws-sdk-go/service/dynamodb",
    "github.com/aws/aws-sdk-go/service/ec2",
    "github.com/aws/aws-sdk-go/service/ecr",
    "github.com/aws/aws-sdk-go/service/ecs",
    "github.com/aws/aws-sdk-go/service/iam",
    "github.com/aws/aws-sdk-go/service/kms",
    "github.com/aws/aws-sdk-go/service/lambda",
    "github.com/aws/aws-sdk-go/service/s3",
    "github.com/aws/aws-sdk-go/service/s3/s3manager",
    "github.com/aws/aws-sdk-go/service/sns",
    "github.com/aws/aws-sdk-go/service/sqs",
    "github.com/aws/aws-sdk-go/service/sts",
    "github.com/boltdb/bolt",
    "github.com/cloudflare/cfssl/log",
    "github.com/convox/changes",
    "github.com/convox/logger",
    "github.com/convox/stdapi",
    "github.com/convox/stdcli",
    "github.com/convox/stdsdk",
    "github.com/convox/version",
    "github.com/docker/docker/builder/dockerignore",
    "github.com/docker/go-units",
    "github.com/dustin/go-humanize",
    "github.com/fatih/color",
    "github.com/fsouza/go-dockerclient",
    "github.com/gobwas/glob",
    "github.com/gorilla/mux",
    "github.com/headzoo/surf",
    "github.com/inconshreveable/go-update",
    "github.com/jasonmoo/lambda_proc",
    "github.com/kballard/go-shellquote",
    "github.com/kr/pty",
    "github.com/miekg/dns",
    "github.com/mitchellh/go-homedir",
    "github.com/moby/moby/builder/dockerignore",
    "github.com/moby/moby/pkg/archive",
    "github.com/mweagle/Sparta/aws/cloudwatchlogs",
    "github.com/pkg/errors",
    "github.com/segmentio/analytics-go",
    "github.com/stretchr/testify/assert",
    "github.com/stretchr/testify/mock",
    "github.com/stretchr/testify/require",
    "github.com/stvp/rollbar",
    "github.com/twmb/algoimpl/go/graph",
    "golang.org/x/crypto/nacl/secretbox",
    "golang.org/x/crypto/ssh",
    "golang.org/x/net/websocket",
    "gopkg.in/urfave/cli.v1",
    "gopkg.in/yaml.v2",
  ]
  solver-name = "gps-cdcl"
  solver-version = 1
